// !$*UTF8*$!
{
	archiveVersion = 1;
	classes = {
	};
	objectVersion = 51;
	objects = {

/* Begin PBXBuildFile section */
		72CF9DF722D354E400064D1F /* AppDelegate.swift in Sources */ = {isa = PBXBuildFile; fileRef = 72CF9DF622D354E400064D1F /* AppDelegate.swift */; };
		72CF9DF922D354E400064D1F /* ViewController.swift in Sources */ = {isa = PBXBuildFile; fileRef = 72CF9DF822D354E400064D1F /* ViewController.swift */; };
		72CF9DFC22D354E400064D1F /* Main.storyboard in Resources */ = {isa = PBXBuildFile; fileRef = 72CF9DFA22D354E400064D1F /* Main.storyboard */; };
		72CF9DFE22D354E400064D1F /* Assets.xcassets in Resources */ = {isa = PBXBuildFile; fileRef = 72CF9DFD22D354E400064D1F /* Assets.xcassets */; };
		72CF9E0122D354E400064D1F /* LaunchScreen.storyboard in Resources */ = {isa = PBXBuildFile; fileRef = 72CF9DFF22D354E400064D1F /* LaunchScreen.storyboard */; };
		72CF9E0C22D354E400064D1F /* RxMVVM_TextureTests.swift in Sources */ = {isa = PBXBuildFile; fileRef = 72CF9E0B22D354E400064D1F /* RxMVVM_TextureTests.swift */; };
		72CF9E1722D356E700064D1F /* RepositoryViewController.swift in Sources */ = {isa = PBXBuildFile; fileRef = 72CF9E1622D356E700064D1F /* RepositoryViewController.swift */; };
		72CF9E2122D3586400064D1F /* Repository.swift in Sources */ = {isa = PBXBuildFile; fileRef = 72CF9E2022D3586400064D1F /* Repository.swift */; };
		72CF9E2322D3588900064D1F /* User.swift in Sources */ = {isa = PBXBuildFile; fileRef = 72CF9E2222D3588900064D1F /* User.swift */; };
		72CF9E2522D359F400064D1F /* RepositoryListCellNode.swift in Sources */ = {isa = PBXBuildFile; fileRef = 72CF9E2422D359F400064D1F /* RepositoryListCellNode.swift */; };
		72CF9E2722D35D6700064D1F /* RepositoryViewModel.swift in Sources */ = {isa = PBXBuildFile; fileRef = 72CF9E2622D35D6700064D1F /* RepositoryViewModel.swift */; };
		72CF9E2922D360AF00064D1F /* RepoProvider.swift in Sources */ = {isa = PBXBuildFile; fileRef = 72CF9E2822D360AF00064D1F /* RepoProvider.swift */; };
		72CF9E2B22D364F500064D1F /* Decoder+extension.swift in Sources */ = {isa = PBXBuildFile; fileRef = 72CF9E2A22D364F500064D1F /* Decoder+extension.swift */; };
		72FDD44D22D4A63F00C50CAA /* Network.swift in Sources */ = {isa = PBXBuildFile; fileRef = 72FDD44C22D4A63F00C50CAA /* Network.swift */; };
		72FDD44F22D4A85C00C50CAA /* RepoService.swift in Sources */ = {isa = PBXBuildFile; fileRef = 72FDD44E22D4A85C00C50CAA /* RepoService.swift */; };
		72FDD45122D4AA3400C50CAA /* UserProfileViewController.swift in Sources */ = {isa = PBXBuildFile; fileRef = 72FDD45022D4AA3400C50CAA /* UserProfileViewController.swift */; };
		76AD7D8D8DF8ABFA63302B3B /* Pods_RxMVVM_Texture.framework in Frameworks */ = {isa = PBXBuildFile; fileRef = EF967B5A0E9FA906BEAFF871 /* Pods_RxMVVM_Texture.framework */; };
/* End PBXBuildFile section */

/* Begin PBXContainerItemProxy section */
		72CF9E0822D354E400064D1F /* PBXContainerItemProxy */ = {
			isa = PBXContainerItemProxy;
			containerPortal = 72CF9DEB22D354E400064D1F /* Project object */;
			proxyType = 1;
			remoteGlobalIDString = 72CF9DF222D354E400064D1F;
			remoteInfo = "RxMVVM+Texture";
		};
/* End PBXContainerItemProxy section */

/* Begin PBXFileReference section */
		0EE4BCCA47CCDA235907486B /* Pods-RxMVVM+Texture.debug.xcconfig */ = {isa = PBXFileReference; includeInIndex = 1; lastKnownFileType = text.xcconfig; name = "Pods-RxMVVM+Texture.debug.xcconfig"; path = "Target Support Files/Pods-RxMVVM+Texture/Pods-RxMVVM+Texture.debug.xcconfig"; sourceTree = "<group>"; };
		72CF9DF322D354E400064D1F /* RxMVVM+Texture.app */ = {isa = PBXFileReference; explicitFileType = wrapper.application; includeInIndex = 0; path = "RxMVVM+Texture.app"; sourceTree = BUILT_PRODUCTS_DIR; };
		72CF9DF622D354E400064D1F /* AppDelegate.swift */ = {isa = PBXFileReference; lastKnownFileType = sourcecode.swift; path = AppDelegate.swift; sourceTree = "<group>"; };
		72CF9DF822D354E400064D1F /* ViewController.swift */ = {isa = PBXFileReference; lastKnownFileType = sourcecode.swift; path = ViewController.swift; sourceTree = "<group>"; };
		72CF9DFB22D354E400064D1F /* Base */ = {isa = PBXFileReference; lastKnownFileType = file.storyboard; name = Base; path = Base.lproj/Main.storyboard; sourceTree = "<group>"; };
		72CF9DFD22D354E400064D1F /* Assets.xcassets */ = {isa = PBXFileReference; lastKnownFileType = folder.assetcatalog; path = Assets.xcassets; sourceTree = "<group>"; };
		72CF9E0022D354E400064D1F /* Base */ = {isa = PBXFileReference; lastKnownFileType = file.storyboard; name = Base; path = Base.lproj/LaunchScreen.storyboard; sourceTree = "<group>"; };
		72CF9E0222D354E400064D1F /* Info.plist */ = {isa = PBXFileReference; lastKnownFileType = text.plist.xml; path = Info.plist; sourceTree = "<group>"; };
		72CF9E0722D354E400064D1F /* RxMVVM+TextureTests.xctest */ = {isa = PBXFileReference; explicitFileType = wrapper.cfbundle; includeInIndex = 0; path = "RxMVVM+TextureTests.xctest"; sourceTree = BUILT_PRODUCTS_DIR; };
		72CF9E0B22D354E400064D1F /* RxMVVM_TextureTests.swift */ = {isa = PBXFileReference; lastKnownFileType = sourcecode.swift; path = RxMVVM_TextureTests.swift; sourceTree = "<group>"; };
		72CF9E0D22D354E400064D1F /* Info.plist */ = {isa = PBXFileReference; lastKnownFileType = text.plist.xml; path = Info.plist; sourceTree = "<group>"; };
		72CF9E1622D356E700064D1F /* RepositoryViewController.swift */ = {isa = PBXFileReference; lastKnownFileType = sourcecode.swift; path = RepositoryViewController.swift; sourceTree = "<group>"; };
		72CF9E2022D3586400064D1F /* Repository.swift */ = {isa = PBXFileReference; lastKnownFileType = sourcecode.swift; path = Repository.swift; sourceTree = "<group>"; };
		72CF9E2222D3588900064D1F /* User.swift */ = {isa = PBXFileReference; lastKnownFileType = sourcecode.swift; path = User.swift; sourceTree = "<group>"; };
		72CF9E2422D359F400064D1F /* RepositoryListCellNode.swift */ = {isa = PBXFileReference; lastKnownFileType = sourcecode.swift; path = RepositoryListCellNode.swift; sourceTree = "<group>"; };
		72CF9E2622D35D6700064D1F /* RepositoryViewModel.swift */ = {isa = PBXFileReference; lastKnownFileType = sourcecode.swift; path = RepositoryViewModel.swift; sourceTree = "<group>"; };
		72CF9E2822D360AF00064D1F /* RepoProvider.swift */ = {isa = PBXFileReference; lastKnownFileType = sourcecode.swift; path = RepoProvider.swift; sourceTree = "<group>"; };
		72CF9E2A22D364F500064D1F /* Decoder+extension.swift */ = {isa = PBXFileReference; lastKnownFileType = sourcecode.swift; path = "Decoder+extension.swift"; sourceTree = "<group>"; };
		72FDD44C22D4A63F00C50CAA /* Network.swift */ = {isa = PBXFileReference; lastKnownFileType = sourcecode.swift; path = Network.swift; sourceTree = "<group>"; };
		72FDD44E22D4A85C00C50CAA /* RepoService.swift */ = {isa = PBXFileReference; lastKnownFileType = sourcecode.swift; path = RepoService.swift; sourceTree = "<group>"; };
		72FDD45022D4AA3400C50CAA /* UserProfileViewController.swift */ = {isa = PBXFileReference; lastKnownFileType = sourcecode.swift; path = UserProfileViewController.swift; sourceTree = "<group>"; };
		B53B8A127EF9EA0D6BEBD8B7 /* Pods-RxMVVM+Texture.release.xcconfig */ = {isa = PBXFileReference; includeInIndex = 1; lastKnownFileType = text.xcconfig; name = "Pods-RxMVVM+Texture.release.xcconfig"; path = "Target Support Files/Pods-RxMVVM+Texture/Pods-RxMVVM+Texture.release.xcconfig"; sourceTree = "<group>"; };
		EF967B5A0E9FA906BEAFF871 /* Pods_RxMVVM_Texture.framework */ = {isa = PBXFileReference; explicitFileType = wrapper.framework; includeInIndex = 0; path = Pods_RxMVVM_Texture.framework; sourceTree = BUILT_PRODUCTS_DIR; };
/* End PBXFileReference section */

/* Begin PBXFrameworksBuildPhase section */
		72CF9DF022D354E400064D1F /* Frameworks */ = {
			isa = PBXFrameworksBuildPhase;
			buildActionMask = 2147483647;
			files = (
				76AD7D8D8DF8ABFA63302B3B /* Pods_RxMVVM_Texture.framework in Frameworks */,
			);
			runOnlyForDeploymentPostprocessing = 0;
		};
		72CF9E0422D354E400064D1F /* Frameworks */ = {
			isa = PBXFrameworksBuildPhase;
			buildActionMask = 2147483647;
			files = (
			);
			runOnlyForDeploymentPostprocessing = 0;
		};
/* End PBXFrameworksBuildPhase section */

/* Begin PBXGroup section */
		32E5B2050178EDDCE3E87E64 /* Frameworks */ = {
			isa = PBXGroup;
			children = (
				EF967B5A0E9FA906BEAFF871 /* Pods_RxMVVM_Texture.framework */,
			);
			name = Frameworks;
			sourceTree = "<group>";
		};
		43FA1F41B94F74317264E142 /* Pods */ = {
			isa = PBXGroup;
			children = (
				0EE4BCCA47CCDA235907486B /* Pods-RxMVVM+Texture.debug.xcconfig */,
				B53B8A127EF9EA0D6BEBD8B7 /* Pods-RxMVVM+Texture.release.xcconfig */,
			);
			path = Pods;
			sourceTree = "<group>";
		};
		72CF9DEA22D354E400064D1F = {
			isa = PBXGroup;
			children = (
				72CF9DF522D354E400064D1F /* RxMVVM+Texture */,
				72CF9E0A22D354E400064D1F /* RxMVVM+TextureTests */,
				72CF9DF422D354E400064D1F /* Products */,
				43FA1F41B94F74317264E142 /* Pods */,
				32E5B2050178EDDCE3E87E64 /* Frameworks */,
			);
			sourceTree = "<group>";
		};
		72CF9DF422D354E400064D1F /* Products */ = {
			isa = PBXGroup;
			children = (
				72CF9DF322D354E400064D1F /* RxMVVM+Texture.app */,
				72CF9E0722D354E400064D1F /* RxMVVM+TextureTests.xctest */,
			);
			name = Products;
			sourceTree = "<group>";
		};
		72CF9DF522D354E400064D1F /* RxMVVM+Texture */ = {
			isa = PBXGroup;
			children = (
				72CF9DF622D354E400064D1F /* AppDelegate.swift */,
				72CF9E1F22D3583200064D1F /* Nodes */,
				72CF9E1E22D3582800064D1F /* Networks */,
				72CF9E1D22D3581D00064D1F /* Extensions */,
				72CF9E1C22D3581100064D1F /* DataProvider */,
				72CF9E1B22D3580400064D1F /* ViewModels */,
				72CF9E1A22D357F500064D1F /* Models */,
				72CF9E1822D357D100064D1F /* Controllers */,
				72CF9DF822D354E400064D1F /* ViewController.swift */,
				72CF9DFA22D354E400064D1F /* Main.storyboard */,
				72CF9DFD22D354E400064D1F /* Assets.xcassets */,
				72CF9DFF22D354E400064D1F /* LaunchScreen.storyboard */,
				72CF9E0222D354E400064D1F /* Info.plist */,
			);
			path = "RxMVVM+Texture";
			sourceTree = "<group>";
		};
		72CF9E0A22D354E400064D1F /* RxMVVM+TextureTests */ = {
			isa = PBXGroup;
			children = (
				72CF9E0B22D354E400064D1F /* RxMVVM_TextureTests.swift */,
				72CF9E0D22D354E400064D1F /* Info.plist */,
			);
			path = "RxMVVM+TextureTests";
			sourceTree = "<group>";
		};
		72CF9E1822D357D100064D1F /* Controllers */ = {
			isa = PBXGroup;
			children = (
				72CF9E1622D356E700064D1F /* RepositoryViewController.swift */,
				72FDD45022D4AA3400C50CAA /* UserProfileViewController.swift */,
			);
			path = Controllers;
			sourceTree = "<group>";
		};
		72CF9E1A22D357F500064D1F /* Models */ = {
			isa = PBXGroup;
			children = (
				72CF9E2022D3586400064D1F /* Repository.swift */,
				72CF9E2222D3588900064D1F /* User.swift */,
			);
			path = Models;
			sourceTree = "<group>";
		};
		72CF9E1B22D3580400064D1F /* ViewModels */ = {
			isa = PBXGroup;
			children = (
				72CF9E2622D35D6700064D1F /* RepositoryViewModel.swift */,
			);
			path = ViewModels;
			sourceTree = "<group>";
		};
		72CF9E1C22D3581100064D1F /* DataProvider */ = {
			isa = PBXGroup;
			children = (
				72CF9E2822D360AF00064D1F /* RepoProvider.swift */,
			);
			path = DataProvider;
			sourceTree = "<group>";
		};
		72CF9E1D22D3581D00064D1F /* Extensions */ = {
			isa = PBXGroup;
			children = (
				72CF9E2A22D364F500064D1F /* Decoder+extension.swift */,
			);
			path = Extensions;
			sourceTree = "<group>";
		};
		72CF9E1E22D3582800064D1F /* Networks */ = {
			isa = PBXGroup;
			children = (
				72FDD44C22D4A63F00C50CAA /* Network.swift */,
				72FDD44E22D4A85C00C50CAA /* RepoService.swift */,
			);
			path = Networks;
			sourceTree = "<group>";
		};
		72CF9E1F22D3583200064D1F /* Nodes */ = {
			isa = PBXGroup;
			children = (
				72CF9E2422D359F400064D1F /* RepositoryListCellNode.swift */,
			);
			path = Nodes;
			sourceTree = "<group>";
		};
/* End PBXGroup section */

/* Begin PBXNativeTarget section */
		72CF9DF222D354E400064D1F /* RxMVVM+Texture */ = {
			isa = PBXNativeTarget;
			buildConfigurationList = 72CF9E1022D354E400064D1F /* Build configuration list for PBXNativeTarget "RxMVVM+Texture" */;
			buildPhases = (
				1C4F039CDC23033AAABCE75E /* [CP] Check Pods Manifest.lock */,
				72CF9DEF22D354E400064D1F /* Sources */,
				72CF9DF022D354E400064D1F /* Frameworks */,
				72CF9DF122D354E400064D1F /* Resources */,
				777BE5486CFD028FDD7A30C8 /* [CP] Embed Pods Frameworks */,
			);
			buildRules = (
			);
			dependencies = (
			);
			name = "RxMVVM+Texture";
			productName = "RxMVVM+Texture";
			productReference = 72CF9DF322D354E400064D1F /* RxMVVM+Texture.app */;
			productType = "com.apple.product-type.application";
		};
		72CF9E0622D354E400064D1F /* RxMVVM+TextureTests */ = {
			isa = PBXNativeTarget;
			buildConfigurationList = 72CF9E1322D354E400064D1F /* Build configuration list for PBXNativeTarget "RxMVVM+TextureTests" */;
			buildPhases = (
				72CF9E0322D354E400064D1F /* Sources */,
				72CF9E0422D354E400064D1F /* Frameworks */,
				72CF9E0522D354E400064D1F /* Resources */,
			);
			buildRules = (
			);
			dependencies = (
				72CF9E0922D354E400064D1F /* PBXTargetDependency */,
			);
			name = "RxMVVM+TextureTests";
			productName = "RxMVVM+TextureTests";
			productReference = 72CF9E0722D354E400064D1F /* RxMVVM+TextureTests.xctest */;
			productType = "com.apple.product-type.bundle.unit-test";
		};
/* End PBXNativeTarget section */

/* Begin PBXProject section */
		72CF9DEB22D354E400064D1F /* Project object */ = {
			isa = PBXProject;
			attributes = {
				LastSwiftUpdateCheck = 1020;
				LastUpgradeCheck = 1020;
				ORGANIZATIONNAME = minhoi_goo;
				TargetAttributes = {
					72CF9DF222D354E400064D1F = {
						CreatedOnToolsVersion = 10.2.1;
					};
					72CF9E0622D354E400064D1F = {
						CreatedOnToolsVersion = 10.2.1;
						TestTargetID = 72CF9DF222D354E400064D1F;
					};
				};
			};
			buildConfigurationList = 72CF9DEE22D354E400064D1F /* Build configuration list for PBXProject "RxMVVM+Texture" */;
			compatibilityVersion = "Xcode 9.3";
			developmentRegion = en;
			hasScannedForEncodings = 0;
			knownRegions = (
				en,
				Base,
			);
			mainGroup = 72CF9DEA22D354E400064D1F;
			productRefGroup = 72CF9DF422D354E400064D1F /* Products */;
			projectDirPath = "";
			projectRoot = "";
			targets = (
				72CF9DF222D354E400064D1F /* RxMVVM+Texture */,
				72CF9E0622D354E400064D1F /* RxMVVM+TextureTests */,
			);
		};
/* End PBXProject section */

/* Begin PBXResourcesBuildPhase section */
		72CF9DF122D354E400064D1F /* Resources */ = {
			isa = PBXResourcesBuildPhase;
			buildActionMask = 2147483647;
			files = (
				72CF9E0122D354E400064D1F /* LaunchScreen.storyboard in Resources */,
				72CF9DFE22D354E400064D1F /* Assets.xcassets in Resources */,
				72CF9DFC22D354E400064D1F /* Main.storyboard in Resources */,
			);
			runOnlyForDeploymentPostprocessing = 0;
		};
		72CF9E0522D354E400064D1F /* Resources */ = {
			isa = PBXResourcesBuildPhase;
			buildActionMask = 2147483647;
			files = (
			);
			runOnlyForDeploymentPostprocessing = 0;
		};
/* End PBXResourcesBuildPhase section */

/* Begin PBXShellScriptBuildPhase section */
		1C4F039CDC23033AAABCE75E /* [CP] Check Pods Manifest.lock */ = {
			isa = PBXShellScriptBuildPhase;
			buildActionMask = 2147483647;
			files = (
			);
			inputFileListPaths = (
			);
			inputPaths = (
				"${PODS_PODFILE_DIR_PATH}/Podfile.lock",
				"${PODS_ROOT}/Manifest.lock",
			);
			name = "[CP] Check Pods Manifest.lock";
			outputFileListPaths = (
			);
			outputPaths = (
				"$(DERIVED_FILE_DIR)/Pods-RxMVVM+Texture-checkManifestLockResult.txt",
			);
			runOnlyForDeploymentPostprocessing = 0;
			shellPath = /bin/sh;
			shellScript = "diff \"${PODS_PODFILE_DIR_PATH}/Podfile.lock\" \"${PODS_ROOT}/Manifest.lock\" > /dev/null\nif [ $? != 0 ] ; then\n    # print error to STDERR\n    echo \"error: The sandbox is not in sync with the Podfile.lock. Run 'pod install' or update your CocoaPods installation.\" >&2\n    exit 1\nfi\n# This output is used by Xcode 'outputs' to avoid re-running this script phase.\necho \"SUCCESS\" > \"${SCRIPT_OUTPUT_FILE_0}\"\n";
			showEnvVarsInLog = 0;
		};
		777BE5486CFD028FDD7A30C8 /* [CP] Embed Pods Frameworks */ = {
			isa = PBXShellScriptBuildPhase;
			buildActionMask = 2147483647;
			files = (
			);
			inputFileListPaths = (
				"${PODS_ROOT}/Target Support Files/Pods-RxMVVM+Texture/Pods-RxMVVM+Texture-frameworks-${CONFIGURATION}-input-files.xcfilelist",
			);
			name = "[CP] Embed Pods Frameworks";
			outputFileListPaths = (
				"${PODS_ROOT}/Target Support Files/Pods-RxMVVM+Texture/Pods-RxMVVM+Texture-frameworks-${CONFIGURATION}-output-files.xcfilelist",
			);
			runOnlyForDeploymentPostprocessing = 0;
			shellPath = /bin/sh;
			shellScript = "\"${PODS_ROOT}/Target Support Files/Pods-RxMVVM+Texture/Pods-RxMVVM+Texture-frameworks.sh\"\n";
			showEnvVarsInLog = 0;
		};
/* End PBXShellScriptBuildPhase section */

/* Begin PBXSourcesBuildPhase section */
		72CF9DEF22D354E400064D1F /* Sources */ = {
			isa = PBXSourcesBuildPhase;
			buildActionMask = 2147483647;
			files = (
				72FDD44D22D4A63F00C50CAA /* Network.swift in Sources */,
				72FDD45122D4AA3400C50CAA /* UserProfileViewController.swift in Sources */,
				72CF9E2722D35D6700064D1F /* RepositoryViewModel.swift in Sources */,
				72CF9DF922D354E400064D1F /* ViewController.swift in Sources */,
				72CF9E1722D356E700064D1F /* RepositoryViewController.swift in Sources */,
				72CF9DF722D354E400064D1F /* AppDelegate.swift in Sources */,
				72FDD44F22D4A85C00C50CAA /* RepoService.swift in Sources */,
				72CF9E2322D3588900064D1F /* User.swift in Sources */,
				72CF9E2122D3586400064D1F /* Repository.swift in Sources */,
				72CF9E2B22D364F500064D1F /* Decoder+extension.swift in Sources */,
				72CF9E2922D360AF00064D1F /* RepoProvider.swift in Sources */,
				72CF9E2522D359F400064D1F /* RepositoryListCellNode.swift in Sources */,
			);
			runOnlyForDeploymentPostprocessing = 0;
		};
		72CF9E0322D354E400064D1F /* Sources */ = {
			isa = PBXSourcesBuildPhase;
			buildActionMask = 2147483647;
			files = (
				72CF9E0C22D354E400064D1F /* RxMVVM_TextureTests.swift in Sources */,
			);
			runOnlyForDeploymentPostprocessing = 0;
		};
/* End PBXSourcesBuildPhase section */

/* Begin PBXTargetDependency section */
		72CF9E0922D354E400064D1F /* PBXTargetDependency */ = {
			isa = PBXTargetDependency;
			target = 72CF9DF222D354E400064D1F /* RxMVVM+Texture */;
			targetProxy = 72CF9E0822D354E400064D1F /* PBXContainerItemProxy */;
		};
/* End PBXTargetDependency section */

/* Begin PBXVariantGroup section */
		72CF9DFA22D354E400064D1F /* Main.storyboard */ = {
			isa = PBXVariantGroup;
			children = (
				72CF9DFB22D354E400064D1F /* Base */,
			);
			name = Main.storyboard;
			sourceTree = "<group>";
		};
		72CF9DFF22D354E400064D1F /* LaunchScreen.storyboard */ = {
			isa = PBXVariantGroup;
			children = (
				72CF9E0022D354E400064D1F /* Base */,
			);
			name = LaunchScreen.storyboard;
			sourceTree = "<group>";
		};
/* End PBXVariantGroup section */

/* Begin XCBuildConfiguration section */
		72CF9E0E22D354E400064D1F /* Debug */ = {
			isa = XCBuildConfiguration;
			buildSettings = {
				ALWAYS_SEARCH_USER_PATHS = NO;
				CLANG_ANALYZER_NONNULL = YES;
				CLANG_ANALYZER_NUMBER_OBJECT_CONVERSION = YES_AGGRESSIVE;
				CLANG_CXX_LANGUAGE_STANDARD = "gnu++14";
				CLANG_CXX_LIBRARY = "libc++";
				CLANG_ENABLE_MODULES = YES;
				CLANG_ENABLE_OBJC_ARC = YES;
				CLANG_ENABLE_OBJC_WEAK = YES;
				CLANG_WARN_BLOCK_CAPTURE_AUTORELEASING = YES;
				CLANG_WARN_BOOL_CONVERSION = YES;
				CLANG_WARN_COMMA = YES;
				CLANG_WARN_CONSTANT_CONVERSION = YES;
				CLANG_WARN_DEPRECATED_OBJC_IMPLEMENTATIONS = YES;
				CLANG_WARN_DIRECT_OBJC_ISA_USAGE = YES_ERROR;
				CLANG_WARN_DOCUMENTATION_COMMENTS = YES;
				CLANG_WARN_EMPTY_BODY = YES;
				CLANG_WARN_ENUM_CONVERSION = YES;
				CLANG_WARN_INFINITE_RECURSION = YES;
				CLANG_WARN_INT_CONVERSION = YES;
				CLANG_WARN_NON_LITERAL_NULL_CONVERSION = YES;
				CLANG_WARN_OBJC_IMPLICIT_RETAIN_SELF = YES;
				CLANG_WARN_OBJC_LITERAL_CONVERSION = YES;
				CLANG_WARN_OBJC_ROOT_CLASS = YES_ERROR;
				CLANG_WARN_RANGE_LOOP_ANALYSIS = YES;
				CLANG_WARN_STRICT_PROTOTYPES = YES;
				CLANG_WARN_SUSPICIOUS_MOVE = YES;
				CLANG_WARN_UNGUARDED_AVAILABILITY = YES_AGGRESSIVE;
				CLANG_WARN_UNREACHABLE_CODE = YES;
				CLANG_WARN__DUPLICATE_METHOD_MATCH = YES;
				CODE_SIGN_IDENTITY = "iPhone Developer";
				COPY_PHASE_STRIP = NO;
				DEBUG_INFORMATION_FORMAT = dwarf;
				ENABLE_STRICT_OBJC_MSGSEND = YES;
				ENABLE_TESTABILITY = YES;
				GCC_C_LANGUAGE_STANDARD = gnu11;
				GCC_DYNAMIC_NO_PIC = NO;
				GCC_NO_COMMON_BLOCKS = YES;
				GCC_OPTIMIZATION_LEVEL = 0;
				GCC_PREPROCESSOR_DEFINITIONS = (
					"DEBUG=1",
					"$(inherited)",
				);
				GCC_WARN_64_TO_32_BIT_CONVERSION = YES;
				GCC_WARN_ABOUT_RETURN_TYPE = YES_ERROR;
				GCC_WARN_UNDECLARED_SELECTOR = YES;
				GCC_WARN_UNINITIALIZED_AUTOS = YES_AGGRESSIVE;
				GCC_WARN_UNUSED_FUNCTION = YES;
				GCC_WARN_UNUSED_VARIABLE = YES;
				IPHONEOS_DEPLOYMENT_TARGET = 12.2;
				MTL_ENABLE_DEBUG_INFO = INCLUDE_SOURCE;
				MTL_FAST_MATH = YES;
				ONLY_ACTIVE_ARCH = YES;
				SDKROOT = iphoneos;
				SWIFT_ACTIVE_COMPILATION_CONDITIONS = DEBUG;
				SWIFT_OPTIMIZATION_LEVEL = "-Onone";
			};
			name = Debug;
		};
		72CF9E0F22D354E400064D1F /* Release */ = {
			isa = XCBuildConfiguration;
			buildSettings = {
				ALWAYS_SEARCH_USER_PATHS = NO;
				CLANG_ANALYZER_NONNULL = YES;
				CLANG_ANALYZER_NUMBER_OBJECT_CONVERSION = YES_AGGRESSIVE;
				CLANG_CXX_LANGUAGE_STANDARD = "gnu++14";
				CLANG_CXX_LIBRARY = "libc++";
				CLANG_ENABLE_MODULES = YES;
				CLANG_ENABLE_OBJC_ARC = YES;
				CLANG_ENABLE_OBJC_WEAK = YES;
				CLANG_WARN_BLOCK_CAPTURE_AUTORELEASING = YES;
				CLANG_WARN_BOOL_CONVERSION = YES;
				CLANG_WARN_COMMA = YES;
				CLANG_WARN_CONSTANT_CONVERSION = YES;
				CLANG_WARN_DEPRECATED_OBJC_IMPLEMENTATIONS = YES;
				CLANG_WARN_DIRECT_OBJC_ISA_USAGE = YES_ERROR;
				CLANG_WARN_DOCUMENTATION_COMMENTS = YES;
				CLANG_WARN_EMPTY_BODY = YES;
				CLANG_WARN_ENUM_CONVERSION = YES;
				CLANG_WARN_INFINITE_RECURSION = YES;
				CLANG_WARN_INT_CONVERSION = YES;
				CLANG_WARN_NON_LITERAL_NULL_CONVERSION = YES;
				CLANG_WARN_OBJC_IMPLICIT_RETAIN_SELF = YES;
				CLANG_WARN_OBJC_LITERAL_CONVERSION = YES;
				CLANG_WARN_OBJC_ROOT_CLASS = YES_ERROR;
				CLANG_WARN_RANGE_LOOP_ANALYSIS = YES;
				CLANG_WARN_STRICT_PROTOTYPES = YES;
				CLANG_WARN_SUSPICIOUS_MOVE = YES;
				CLANG_WARN_UNGUARDED_AVAILABILITY = YES_AGGRESSIVE;
				CLANG_WARN_UNREACHABLE_CODE = YES;
				CLANG_WARN__DUPLICATE_METHOD_MATCH = YES;
				CODE_SIGN_IDENTITY = "iPhone Developer";
				COPY_PHASE_STRIP = NO;
				DEBUG_INFORMATION_FORMAT = "dwarf-with-dsym";
				ENABLE_NS_ASSERTIONS = NO;
				ENABLE_STRICT_OBJC_MSGSEND = YES;
				GCC_C_LANGUAGE_STANDARD = gnu11;
				GCC_NO_COMMON_BLOCKS = YES;
				GCC_WARN_64_TO_32_BIT_CONVERSION = YES;
				GCC_WARN_ABOUT_RETURN_TYPE = YES_ERROR;
				GCC_WARN_UNDECLARED_SELECTOR = YES;
				GCC_WARN_UNINITIALIZED_AUTOS = YES_AGGRESSIVE;
				GCC_WARN_UNUSED_FUNCTION = YES;
				GCC_WARN_UNUSED_VARIABLE = YES;
				IPHONEOS_DEPLOYMENT_TARGET = 12.2;
				MTL_ENABLE_DEBUG_INFO = NO;
				MTL_FAST_MATH = YES;
				SDKROOT = iphoneos;
				SWIFT_COMPILATION_MODE = wholemodule;
				SWIFT_OPTIMIZATION_LEVEL = "-O";
				VALIDATE_PRODUCT = YES;
			};
			name = Release;
		};
		72CF9E1122D354E400064D1F /* Debug */ = {
			isa = XCBuildConfiguration;
			baseConfigurationReference = 0EE4BCCA47CCDA235907486B /* Pods-RxMVVM+Texture.debug.xcconfig */;
			buildSettings = {
				ASSETCATALOG_COMPILER_APPICON_NAME = AppIcon;
				CODE_SIGN_STYLE = Automatic;
				DEVELOPMENT_TEAM = 4Z6U9FKXA9;
				INFOPLIST_FILE = "RxMVVM+Texture/Info.plist";
				LD_RUNPATH_SEARCH_PATHS = (
					"$(inherited)",
					"@executable_path/Frameworks",
				);
				PRODUCT_BUNDLE_IDENTIFIER = "com.minhoigu.RxMVVM-Texture";
				PRODUCT_NAME = "$(TARGET_NAME)";
				SWIFT_VERSION = 5.0;
				TARGETED_DEVICE_FAMILY = "1,2";
			};
			name = Debug;
		};
		72CF9E1222D354E400064D1F /* Release */ = {
			isa = XCBuildConfiguration;
			baseConfigurationReference = B53B8A127EF9EA0D6BEBD8B7 /* Pods-RxMVVM+Texture.release.xcconfig */;
			buildSettings = {
				ASSETCATALOG_COMPILER_APPICON_NAME = AppIcon;
				CODE_SIGN_STYLE = Automatic;
				DEVELOPMENT_TEAM = 4Z6U9FKXA9;
				INFOPLIST_FILE = "RxMVVM+Texture/Info.plist";
				LD_RUNPATH_SEARCH_PATHS = (
					"$(inherited)",
					"@executable_path/Frameworks",
				);
				PRODUCT_BUNDLE_IDENTIFIER = "com.minhoigu.RxMVVM-Texture";
				PRODUCT_NAME = "$(TARGET_NAME)";
				SWIFT_VERSION = 5.0;
				TARGETED_DEVICE_FAMILY = "1,2";
			};
			name = Release;
		};
		72CF9E1422D354E400064D1F /* Debug */ = {
			isa = XCBuildConfiguration;
			buildSettings = {
				ALWAYS_EMBED_SWIFT_STANDARD_LIBRARIES = YES;
				BUNDLE_LOADER = "$(TEST_HOST)";
				CODE_SIGN_STYLE = Automatic;
				DEVELOPMENT_TEAM = 4Z6U9FKXA9;
				INFOPLIST_FILE = "RxMVVM+TextureTests/Info.plist";
				LD_RUNPATH_SEARCH_PATHS = (
					"$(inherited)",
					"@executable_path/Frameworks",
					"@loader_path/Frameworks",
				);
				PRODUCT_BUNDLE_IDENTIFIER = "com.minhoigu.RxMVVM-TextureTests";
				PRODUCT_NAME = "$(TARGET_NAME)";
				SWIFT_VERSION = 5.0;
				TARGETED_DEVICE_FAMILY = "1,2";
				TEST_HOST = "$(BUILT_PRODUCTS_DIR)/RxMVVM+Texture.app/RxMVVM+Texture";
			};
			name = Debug;
		};
		72CF9E1522D354E400064D1F /* Release */ = {
			isa = XCBuildConfiguration;
			buildSettings = {
				ALWAYS_EMBED_SWIFT_STANDARD_LIBRARIES = YES;
				BUNDLE_LOADER = "$(TEST_HOST)";
				CODE_SIGN_STYLE = Automatic;
				DEVELOPMENT_TEAM = 4Z6U9FKXA9;
				INFOPLIST_FILE = "RxMVVM+TextureTests/Info.plist";
				LD_RUNPATH_SEARCH_PATHS = (
					"$(inherited)",
					"@executable_path/Frameworks",
					"@loader_path/Frameworks",
				);
				PRODUCT_BUNDLE_IDENTIFIER = "com.minhoigu.RxMVVM-TextureTests";
				PRODUCT_NAME = "$(TARGET_NAME)";
				SWIFT_VERSION = 5.0;
				TARGETED_DEVICE_FAMILY = "1,2";
				TEST_HOST = "$(BUILT_PRODUCTS_DIR)/RxMVVM+Texture.app/RxMVVM+Texture";
			};
			name = Release;
		};
/* End XCBuildConfiguration section */

/* Begin XCConfigurationList section */
		72CF9DEE22D354E400064D1F /* Build configuration list for PBXProject "RxMVVM+Texture" */ = {
			isa = XCConfigurationList;
			buildConfigurations = (
				72CF9E0E22D354E400064D1F /* Debug */,
				72CF9E0F22D354E400064D1F /* Release */,
			);
			defaultConfigurationIsVisible = 0;
			defaultConfigurationName = Release;
		};
		72CF9E1022D354E400064D1F /* Build configuration list for PBXNativeTarget "RxMVVM+Texture" */ = {
			isa = XCConfigurationList;
			buildConfigurations = (
				72CF9E1122D354E400064D1F /* Debug */,
				72CF9E1222D354E400064D1F /* Release */,
			);
			defaultConfigurationIsVisible = 0;
			defaultConfigurationName = Release;
		};
		72CF9E1322D354E400064D1F /* Build configuration list for PBXNativeTarget "RxMVVM+TextureTests" */ = {
			isa = XCConfigurationList;
			buildConfigurations = (
				72CF9E1422D354E400064D1F /* Debug */,
				72CF9E1522D354E400064D1F /* Release */,
			);
			defaultConfigurationIsVisible = 0;
			defaultConfigurationName = Release;
		};
/* End XCConfigurationList section */
	};
	rootObject = 72CF9DEB22D354E400064D1F /* Project object */;
}
